// !$*UTF8*$!
{
	archiveVersion = 1;
	classes = {
	};
	objectVersion = 55;
	objects = {

/* Begin PBXBuildFile section */
		8902CBFC2A78FB4C00EFFE5F /* AppDelegate.swift in Sources */ = {isa = PBXBuildFile; fileRef = 8902CBFB2A78FB4C00EFFE5F /* AppDelegate.swift */; };
		8902CC002A78FB4C00EFFE5F /* StocksViewController.swift in Sources */ = {isa = PBXBuildFile; fileRef = 8902CBFF2A78FB4C00EFFE5F /* StocksViewController.swift */; };
		8902CC052A78FB4D00EFFE5F /* Assets.xcassets in Resources */ = {isa = PBXBuildFile; fileRef = 8902CC042A78FB4D00EFFE5F /* Assets.xcassets */; };
		8902CC112A78FE1300EFFE5F /* StocksTableView.swift in Sources */ = {isa = PBXBuildFile; fileRef = 8902CC102A78FE1300EFFE5F /* StocksTableView.swift */; };
		8902CC152A78FEFA00EFFE5F /* StocksTableViewCell.swift in Sources */ = {isa = PBXBuildFile; fileRef = 8902CC142A78FEFA00EFFE5F /* StocksTableViewCell.swift */; };
		8902CC172A78FF5400EFFE5F /* StockData.swift in Sources */ = {isa = PBXBuildFile; fileRef = 8902CC162A78FF5400EFFE5F /* StockData.swift */; };
		8902CC1B2A79314300EFFE5F /* GCDNetworkingService.swift in Sources */ = {isa = PBXBuildFile; fileRef = 8902CC1A2A79314300EFFE5F /* GCDNetworkingService.swift */; };
		890388422AB31F2600E9A814 /* RequestView.swift in Sources */ = {isa = PBXBuildFile; fileRef = 890388412AB31F2600E9A814 /* RequestView.swift */; };
		891723AA2AFBAE0A009E1464 /* UIColor.swift in Sources */ = {isa = PBXBuildFile; fileRef = 891723A92AFBAE0A009E1464 /* UIColor.swift */; };
		891723AC2AFCD03B009E1464 /* ShowMoreView.swift in Sources */ = {isa = PBXBuildFile; fileRef = 891723AB2AFCD03B009E1464 /* ShowMoreView.swift */; };
		891723B22AFCD4E1009E1464 /* StocksViewControllerPresenter.swift in Sources */ = {isa = PBXBuildFile; fileRef = 891723B12AFCD4E1009E1464 /* StocksViewControllerPresenter.swift */; };
		891723B52AFCD95D009E1464 /* StocksViewControllerOutput.swift in Sources */ = {isa = PBXBuildFile; fileRef = 891723B42AFCD95D009E1464 /* StocksViewControllerOutput.swift */; };
		891723B72AFCD968009E1464 /* StocksViewControllerInput.swift in Sources */ = {isa = PBXBuildFile; fileRef = 891723B62AFCD968009E1464 /* StocksViewControllerInput.swift */; };
		891723B92AFCFEA4009E1464 /* RequestsView.swift in Sources */ = {isa = PBXBuildFile; fileRef = 891723B82AFCFEA4009E1464 /* RequestsView.swift */; };
		892332282AB1D896005299B3 /* RequestButton.swift in Sources */ = {isa = PBXBuildFile; fileRef = 892332272AB1D896005299B3 /* RequestButton.swift */; };
		892947062B14980000A1136D /* stockModels.json in Resources */ = {isa = PBXBuildFile; fileRef = 892947052B14980000A1136D /* stockModels.json */; };
		89326B4A2ABC3ADE00E610E8 /* RecentRequest+CoreDataClass.swift in Sources */ = {isa = PBXBuildFile; fileRef = 89326B482ABC3ADE00E610E8 /* RecentRequest+CoreDataClass.swift */; };
		89326B4B2ABC3ADE00E610E8 /* RecentRequest+CoreDataProperties.swift in Sources */ = {isa = PBXBuildFile; fileRef = 89326B492ABC3ADE00E610E8 /* RecentRequest+CoreDataProperties.swift */; };
		8966A0D62B4BE0030068C749 /* PriceStackView.swift in Sources */ = {isa = PBXBuildFile; fileRef = 8966A0D52B4BE0030068C749 /* PriceStackView.swift */; };
		897A13512B31D9EA00B36E1D /* CircleMarker.swift in Sources */ = {isa = PBXBuildFile; fileRef = 897A13502B31D9EA00B36E1D /* CircleMarker.swift */; };
		897A13532B31EDA700B36E1D /* BubbleView.swift in Sources */ = {isa = PBXBuildFile; fileRef = 897A13522B31EDA700B36E1D /* BubbleView.swift */; };
		89876D972A7E266C007DD43D /* StockDataManager.swift in Sources */ = {isa = PBXBuildFile; fileRef = 89876D962A7E266C007DD43D /* StockDataManager.swift */; };
		89950F3D2AC6A3FA00CCA2EE /* SearchBarView.swift in Sources */ = {isa = PBXBuildFile; fileRef = 89950F3C2AC6A3F900CCA2EE /* SearchBarView.swift */; };
		899816852A8D0FE000AC822D /* DataModel.xcdatamodeld in Sources */ = {isa = PBXBuildFile; fileRef = 899816832A8D0FE000AC822D /* DataModel.xcdatamodeld */; };
		899816882A8D105B00AC822D /* FavoriteStock+CoreDataClass.swift in Sources */ = {isa = PBXBuildFile; fileRef = 899816862A8D105B00AC822D /* FavoriteStock+CoreDataClass.swift */; };
		899816892A8D105B00AC822D /* FavoriteStock+CoreDataProperties.swift in Sources */ = {isa = PBXBuildFile; fileRef = 899816872A8D105B00AC822D /* FavoriteStock+CoreDataProperties.swift */; };
		8998168B2A8D10A700AC822D /* CoreDataDatabaseManager.swift in Sources */ = {isa = PBXBuildFile; fileRef = 8998168A2A8D10A700AC822D /* CoreDataDatabaseManager.swift */; };
		89A066922B189C5D0035D0F5 /* DetailsPageViewController.swift in Sources */ = {isa = PBXBuildFile; fileRef = 89A066912B189C5D0035D0F5 /* DetailsPageViewController.swift */; };
		89A066942B189C700035D0F5 /* DetailsPageViewControllerPresenter.swift in Sources */ = {isa = PBXBuildFile; fileRef = 89A066932B189C700035D0F5 /* DetailsPageViewControllerPresenter.swift */; };
		89A066962B18A23A0035D0F5 /* DetailsPageViewControllerOutput.swift in Sources */ = {isa = PBXBuildFile; fileRef = 89A066952B18A23A0035D0F5 /* DetailsPageViewControllerOutput.swift */; };
		89A066982B18A2470035D0F5 /* DetailsPageViewControllerInput.swift in Sources */ = {isa = PBXBuildFile; fileRef = 89A066972B18A2470035D0F5 /* DetailsPageViewControllerInput.swift */; };
		89A0669C2B18C8AA0035D0F5 /* ChartView.swift in Sources */ = {isa = PBXBuildFile; fileRef = 89A0669B2B18C8AA0035D0F5 /* ChartView.swift */; };
		89A0669E2B18CA190035D0F5 /* ChartButtonStackView.swift in Sources */ = {isa = PBXBuildFile; fileRef = 89A0669D2B18CA190035D0F5 /* ChartButtonStackView.swift */; };
		89A066A02B18CCE40035D0F5 /* ChartButton.swift in Sources */ = {isa = PBXBuildFile; fileRef = 89A0669F2B18CCE40035D0F5 /* ChartButton.swift */; };
		89B055602B4138CA00E9A75F /* NetworkingServiceProtocol.swift in Sources */ = {isa = PBXBuildFile; fileRef = 89B0555F2B4138CA00E9A75F /* NetworkingServiceProtocol.swift */; };
		89B055622B41B07A00E9A75F /* AsyncNetworkingService.swift in Sources */ = {isa = PBXBuildFile; fileRef = 89B055612B41B07A00E9A75F /* AsyncNetworkingService.swift */; };
		89B055642B42B14D00E9A75F /* OperationNetworkingService.swift in Sources */ = {isa = PBXBuildFile; fileRef = 89B055632B42B14D00E9A75F /* OperationNetworkingService.swift */; };
		89B6F5AE2ACC649800282BF7 /* static in Resources */ = {isa = PBXBuildFile; fileRef = 89B6F5AD2ACC649800282BF7 /* static */; };
		89BAF4BF2AF287E600622315 /* UIApplication.State.swift in Sources */ = {isa = PBXBuildFile; fileRef = 89BAF4BE2AF287E600622315 /* UIApplication.State.swift */; };
		89BAF4C12AF2880500622315 /* Array.swift in Sources */ = {isa = PBXBuildFile; fileRef = 89BAF4C02AF2880500622315 /* Array.swift */; };
		89BAF4C32AF2882100622315 /* UIStackView.swift in Sources */ = {isa = PBXBuildFile; fileRef = 89BAF4C22AF2882100622315 /* UIStackView.swift */; };
		89E1B8882B1D3FE9005D9631 /* BuyButton.swift in Sources */ = {isa = PBXBuildFile; fileRef = 89E1B8872B1D3FE9005D9631 /* BuyButton.swift */; };
		89E1B88A2B1EDC46005D9631 /* StockGraphData.swift in Sources */ = {isa = PBXBuildFile; fileRef = 89E1B8892B1EDC46005D9631 /* StockGraphData.swift */; };
		89FB19172ACF370A0020E605 /* ButtonsStackView.swift in Sources */ = {isa = PBXBuildFile; fileRef = 89FB19162ACF370A0020E605 /* ButtonsStackView.swift */; };
		930F2BDD10ED99C007B47250 /* Pods_StocksApp.framework in Frameworks */ = {isa = PBXBuildFile; fileRef = 446F44D1CC84957CEB1FAC01 /* Pods_StocksApp.framework */; };
/* End PBXBuildFile section */

/* Begin PBXFileReference section */
		446F44D1CC84957CEB1FAC01 /* Pods_StocksApp.framework */ = {isa = PBXFileReference; explicitFileType = wrapper.framework; includeInIndex = 0; path = Pods_StocksApp.framework; sourceTree = BUILT_PRODUCTS_DIR; };
		813184DD13B044CAA68C09CA /* Pods-StocksApp.release.xcconfig */ = {isa = PBXFileReference; includeInIndex = 1; lastKnownFileType = text.xcconfig; name = "Pods-StocksApp.release.xcconfig"; path = "Target Support Files/Pods-StocksApp/Pods-StocksApp.release.xcconfig"; sourceTree = "<group>"; };
		8902CBF82A78FB4C00EFFE5F /* StocksApp.app */ = {isa = PBXFileReference; explicitFileType = wrapper.application; includeInIndex = 0; path = StocksApp.app; sourceTree = BUILT_PRODUCTS_DIR; };
		8902CBFB2A78FB4C00EFFE5F /* AppDelegate.swift */ = {isa = PBXFileReference; lastKnownFileType = sourcecode.swift; path = AppDelegate.swift; sourceTree = "<group>"; };
		8902CBFF2A78FB4C00EFFE5F /* StocksViewController.swift */ = {isa = PBXFileReference; lastKnownFileType = sourcecode.swift; path = StocksViewController.swift; sourceTree = "<group>"; };
		8902CC042A78FB4D00EFFE5F /* Assets.xcassets */ = {isa = PBXFileReference; lastKnownFileType = folder.assetcatalog; path = Assets.xcassets; sourceTree = "<group>"; };
		8902CC092A78FB4D00EFFE5F /* Info.plist */ = {isa = PBXFileReference; lastKnownFileType = text.plist.xml; path = Info.plist; sourceTree = "<group>"; };
		8902CC102A78FE1300EFFE5F /* StocksTableView.swift */ = {isa = PBXFileReference; lastKnownFileType = sourcecode.swift; path = StocksTableView.swift; sourceTree = "<group>"; };
		8902CC142A78FEFA00EFFE5F /* StocksTableViewCell.swift */ = {isa = PBXFileReference; lastKnownFileType = sourcecode.swift; path = StocksTableViewCell.swift; sourceTree = "<group>"; };
		8902CC162A78FF5400EFFE5F /* StockData.swift */ = {isa = PBXFileReference; lastKnownFileType = sourcecode.swift; path = StockData.swift; sourceTree = "<group>"; };
		8902CC1A2A79314300EFFE5F /* GCDNetworkingService.swift */ = {isa = PBXFileReference; lastKnownFileType = sourcecode.swift; path = GCDNetworkingService.swift; sourceTree = "<group>"; };
		890388412AB31F2600E9A814 /* RequestView.swift */ = {isa = PBXFileReference; lastKnownFileType = sourcecode.swift; path = RequestView.swift; sourceTree = "<group>"; };
		891723A92AFBAE0A009E1464 /* UIColor.swift */ = {isa = PBXFileReference; lastKnownFileType = sourcecode.swift; path = UIColor.swift; sourceTree = "<group>"; };
		891723AB2AFCD03B009E1464 /* ShowMoreView.swift */ = {isa = PBXFileReference; lastKnownFileType = sourcecode.swift; path = ShowMoreView.swift; sourceTree = "<group>"; };
		891723B12AFCD4E1009E1464 /* StocksViewControllerPresenter.swift */ = {isa = PBXFileReference; lastKnownFileType = sourcecode.swift; path = StocksViewControllerPresenter.swift; sourceTree = "<group>"; };
		891723B42AFCD95D009E1464 /* StocksViewControllerOutput.swift */ = {isa = PBXFileReference; lastKnownFileType = sourcecode.swift; path = StocksViewControllerOutput.swift; sourceTree = "<group>"; };
		891723B62AFCD968009E1464 /* StocksViewControllerInput.swift */ = {isa = PBXFileReference; lastKnownFileType = sourcecode.swift; path = StocksViewControllerInput.swift; sourceTree = "<group>"; };
		891723B82AFCFEA4009E1464 /* RequestsView.swift */ = {isa = PBXFileReference; lastKnownFileType = sourcecode.swift; path = RequestsView.swift; sourceTree = "<group>"; };
		892332272AB1D896005299B3 /* RequestButton.swift */ = {isa = PBXFileReference; lastKnownFileType = sourcecode.swift; path = RequestButton.swift; sourceTree = "<group>"; };
		892947052B14980000A1136D /* stockModels.json */ = {isa = PBXFileReference; fileEncoding = 4; lastKnownFileType = text.json; path = stockModels.json; sourceTree = "<group>"; };
		89326B482ABC3ADE00E610E8 /* RecentRequest+CoreDataClass.swift */ = {isa = PBXFileReference; lastKnownFileType = sourcecode.swift; path = "RecentRequest+CoreDataClass.swift"; sourceTree = "<group>"; };
		89326B492ABC3ADE00E610E8 /* RecentRequest+CoreDataProperties.swift */ = {isa = PBXFileReference; lastKnownFileType = sourcecode.swift; path = "RecentRequest+CoreDataProperties.swift"; sourceTree = "<group>"; };
		8966A0D52B4BE0030068C749 /* PriceStackView.swift */ = {isa = PBXFileReference; lastKnownFileType = sourcecode.swift; path = PriceStackView.swift; sourceTree = "<group>"; };
		897A13502B31D9EA00B36E1D /* CircleMarker.swift */ = {isa = PBXFileReference; lastKnownFileType = sourcecode.swift; path = CircleMarker.swift; sourceTree = "<group>"; };
		897A13522B31EDA700B36E1D /* BubbleView.swift */ = {isa = PBXFileReference; lastKnownFileType = sourcecode.swift; path = BubbleView.swift; sourceTree = "<group>"; };
		89876D962A7E266C007DD43D /* StockDataManager.swift */ = {isa = PBXFileReference; lastKnownFileType = sourcecode.swift; path = StockDataManager.swift; sourceTree = "<group>"; };
		89950F3C2AC6A3F900CCA2EE /* SearchBarView.swift */ = {isa = PBXFileReference; lastKnownFileType = sourcecode.swift; path = SearchBarView.swift; sourceTree = "<group>"; };
		899816842A8D0FE000AC822D /* DataModel.xcdatamodel */ = {isa = PBXFileReference; lastKnownFileType = wrapper.xcdatamodel; path = DataModel.xcdatamodel; sourceTree = "<group>"; };
		899816862A8D105B00AC822D /* FavoriteStock+CoreDataClass.swift */ = {isa = PBXFileReference; lastKnownFileType = sourcecode.swift; path = "FavoriteStock+CoreDataClass.swift"; sourceTree = "<group>"; };
		899816872A8D105B00AC822D /* FavoriteStock+CoreDataProperties.swift */ = {isa = PBXFileReference; lastKnownFileType = sourcecode.swift; path = "FavoriteStock+CoreDataProperties.swift"; sourceTree = "<group>"; };
		8998168A2A8D10A700AC822D /* CoreDataDatabaseManager.swift */ = {isa = PBXFileReference; lastKnownFileType = sourcecode.swift; path = CoreDataDatabaseManager.swift; sourceTree = "<group>"; };
		89A066912B189C5D0035D0F5 /* DetailsPageViewController.swift */ = {isa = PBXFileReference; lastKnownFileType = sourcecode.swift; path = DetailsPageViewController.swift; sourceTree = "<group>"; };
		89A066932B189C700035D0F5 /* DetailsPageViewControllerPresenter.swift */ = {isa = PBXFileReference; lastKnownFileType = sourcecode.swift; path = DetailsPageViewControllerPresenter.swift; sourceTree = "<group>"; };
		89A066952B18A23A0035D0F5 /* DetailsPageViewControllerOutput.swift */ = {isa = PBXFileReference; lastKnownFileType = sourcecode.swift; path = DetailsPageViewControllerOutput.swift; sourceTree = "<group>"; };
		89A066972B18A2470035D0F5 /* DetailsPageViewControllerInput.swift */ = {isa = PBXFileReference; lastKnownFileType = sourcecode.swift; path = DetailsPageViewControllerInput.swift; sourceTree = "<group>"; };
		89A0669B2B18C8AA0035D0F5 /* ChartView.swift */ = {isa = PBXFileReference; lastKnownFileType = sourcecode.swift; path = ChartView.swift; sourceTree = "<group>"; };
		89A0669D2B18CA190035D0F5 /* ChartButtonStackView.swift */ = {isa = PBXFileReference; lastKnownFileType = sourcecode.swift; path = ChartButtonStackView.swift; sourceTree = "<group>"; };
		89A0669F2B18CCE40035D0F5 /* ChartButton.swift */ = {isa = PBXFileReference; lastKnownFileType = sourcecode.swift; path = ChartButton.swift; sourceTree = "<group>"; };
		89B0555F2B4138CA00E9A75F /* NetworkingServiceProtocol.swift */ = {isa = PBXFileReference; lastKnownFileType = sourcecode.swift; path = NetworkingServiceProtocol.swift; sourceTree = "<group>"; };
		89B055612B41B07A00E9A75F /* AsyncNetworkingService.swift */ = {isa = PBXFileReference; lastKnownFileType = sourcecode.swift; path = AsyncNetworkingService.swift; sourceTree = "<group>"; };
		89B055632B42B14D00E9A75F /* OperationNetworkingService.swift */ = {isa = PBXFileReference; lastKnownFileType = sourcecode.swift; path = OperationNetworkingService.swift; sourceTree = "<group>"; };
		89B6F5AD2ACC649800282BF7 /* static */ = {isa = PBXFileReference; lastKnownFileType = folder; path = static; sourceTree = "<group>"; };
		89BAF4BE2AF287E600622315 /* UIApplication.State.swift */ = {isa = PBXFileReference; lastKnownFileType = sourcecode.swift; path = UIApplication.State.swift; sourceTree = "<group>"; };
		89BAF4C02AF2880500622315 /* Array.swift */ = {isa = PBXFileReference; lastKnownFileType = sourcecode.swift; path = Array.swift; sourceTree = "<group>"; };
		89BAF4C22AF2882100622315 /* UIStackView.swift */ = {isa = PBXFileReference; lastKnownFileType = sourcecode.swift; path = UIStackView.swift; sourceTree = "<group>"; };
		89E1B8872B1D3FE9005D9631 /* BuyButton.swift */ = {isa = PBXFileReference; lastKnownFileType = sourcecode.swift; path = BuyButton.swift; sourceTree = "<group>"; };
		89E1B8892B1EDC46005D9631 /* StockGraphData.swift */ = {isa = PBXFileReference; lastKnownFileType = sourcecode.swift; path = StockGraphData.swift; sourceTree = "<group>"; };
		89FB19162ACF370A0020E605 /* ButtonsStackView.swift */ = {isa = PBXFileReference; lastKnownFileType = sourcecode.swift; path = ButtonsStackView.swift; sourceTree = "<group>"; };
		BBF5390DFF96797470E0E34A /* Pods-StocksApp.debug.xcconfig */ = {isa = PBXFileReference; includeInIndex = 1; lastKnownFileType = text.xcconfig; name = "Pods-StocksApp.debug.xcconfig"; path = "Target Support Files/Pods-StocksApp/Pods-StocksApp.debug.xcconfig"; sourceTree = "<group>"; };
/* End PBXFileReference section */

/* Begin PBXFrameworksBuildPhase section */
		8902CBF52A78FB4C00EFFE5F /* Frameworks */ = {
			isa = PBXFrameworksBuildPhase;
			buildActionMask = 2147483647;
			files = (
				930F2BDD10ED99C007B47250 /* Pods_StocksApp.framework in Frameworks */,
			);
			runOnlyForDeploymentPostprocessing = 0;
		};
/* End PBXFrameworksBuildPhase section */

/* Begin PBXGroup section */
		063EC28DD060D6AAA339B1BD /* Pods */ = {
			isa = PBXGroup;
			children = (
				BBF5390DFF96797470E0E34A /* Pods-StocksApp.debug.xcconfig */,
				813184DD13B044CAA68C09CA /* Pods-StocksApp.release.xcconfig */,
			);
			path = Pods;
			sourceTree = "<group>";
		};
		8902CBEF2A78FB4C00EFFE5F = {
			isa = PBXGroup;
			children = (
				8902CBFA2A78FB4C00EFFE5F /* StocksApp */,
				8902CBF92A78FB4C00EFFE5F /* Products */,
				063EC28DD060D6AAA339B1BD /* Pods */,
				AC470A73CF40CD2AF6E1D14A /* Frameworks */,
			);
			sourceTree = "<group>";
		};
		8902CBF92A78FB4C00EFFE5F /* Products */ = {
			isa = PBXGroup;
			children = (
				8902CBF82A78FB4C00EFFE5F /* StocksApp.app */,
			);
			name = Products;
			sourceTree = "<group>";
		};
		8902CBFA2A78FB4C00EFFE5F /* StocksApp */ = {
			isa = PBXGroup;
			children = (
				8902CBFB2A78FB4C00EFFE5F /* AppDelegate.swift */,
				891723AD2AFCD2ED009E1464 /* Modules */,
				89B6F5AA2ACC5FDE00282BF7 /* Fonts */,
				89BAF4BD2AF287CE00622315 /* Extensions */,
				8902CC042A78FB4D00EFFE5F /* Assets.xcassets */,
				8902CC092A78FB4D00EFFE5F /* Info.plist */,
			);
			path = StocksApp;
			sourceTree = "<group>";
		};
		8902CC0F2A78FDE700EFFE5F /* Controllers */ = {
			isa = PBXGroup;
			children = (
				8902CBFF2A78FB4C00EFFE5F /* StocksViewController.swift */,
				891723B42AFCD95D009E1464 /* StocksViewControllerOutput.swift */,
			);
			path = Controllers;
			sourceTree = "<group>";
		};
		8902CC122A78FEBF00EFFE5F /* Views */ = {
			isa = PBXGroup;
			children = (
				8902CC142A78FEFA00EFFE5F /* StocksTableViewCell.swift */,
				8902CC102A78FE1300EFFE5F /* StocksTableView.swift */,
				892332272AB1D896005299B3 /* RequestButton.swift */,
				890388412AB31F2600E9A814 /* RequestView.swift */,
				891723B82AFCFEA4009E1464 /* RequestsView.swift */,
				89950F3C2AC6A3F900CCA2EE /* SearchBarView.swift */,
				89FB19162ACF370A0020E605 /* ButtonsStackView.swift */,
				891723AB2AFCD03B009E1464 /* ShowMoreView.swift */,
			);
			path = Views;
			sourceTree = "<group>";
		};
		8902CC132A78FED100EFFE5F /* Model */ = {
			isa = PBXGroup;
			children = (
				8902CC162A78FF5400EFFE5F /* StockData.swift */,
				89876D962A7E266C007DD43D /* StockDataManager.swift */,
				8998168A2A8D10A700AC822D /* CoreDataDatabaseManager.swift */,
				891723B32AFCD6C6009E1464 /* Core Data Entities */,
				892947052B14980000A1136D /* stockModels.json */,
			);
			path = Model;
			sourceTree = "<group>";
		};
		891723AD2AFCD2ED009E1464 /* Modules */ = {
			isa = PBXGroup;
			children = (
				89E1B88B2B205505005D9631 /* NetworkingServices */,
				891723AE2AFCD442009E1464 /* Stocks View Controller */,
				891723AF2AFCD45A009E1464 /* Detailes View Controller */,
			);
			path = Modules;
			sourceTree = "<group>";
		};
		891723AE2AFCD442009E1464 /* Stocks View Controller */ = {
			isa = PBXGroup;
			children = (
				891723B02AFCD48D009E1464 /* Presenter */,
				8902CC0F2A78FDE700EFFE5F /* Controllers */,
				8902CC122A78FEBF00EFFE5F /* Views */,
				8902CC132A78FED100EFFE5F /* Model */,
			);
			path = "Stocks View Controller";
			sourceTree = "<group>";
		};
		891723AF2AFCD45A009E1464 /* Detailes View Controller */ = {
			isa = PBXGroup;
			children = (
				89A0668D2B189C190035D0F5 /* Presenter */,
				89A0668E2B189C1F0035D0F5 /* Controllers */,
				89A0668F2B189C250035D0F5 /* Views */,
				89A066902B189C2A0035D0F5 /* Model */,
			);
			name = "Detailes View Controller";
			path = "../Detailes View Controller";
			sourceTree = "<group>";
		};
		891723B02AFCD48D009E1464 /* Presenter */ = {
			isa = PBXGroup;
			children = (
				891723B12AFCD4E1009E1464 /* StocksViewControllerPresenter.swift */,
				891723B62AFCD968009E1464 /* StocksViewControllerInput.swift */,
			);
			path = Presenter;
			sourceTree = "<group>";
		};
		891723B32AFCD6C6009E1464 /* Core Data Entities */ = {
			isa = PBXGroup;
			children = (
				899816862A8D105B00AC822D /* FavoriteStock+CoreDataClass.swift */,
				899816872A8D105B00AC822D /* FavoriteStock+CoreDataProperties.swift */,
				89326B482ABC3ADE00E610E8 /* RecentRequest+CoreDataClass.swift */,
				89326B492ABC3ADE00E610E8 /* RecentRequest+CoreDataProperties.swift */,
				899816832A8D0FE000AC822D /* DataModel.xcdatamodeld */,
			);
			path = "Core Data Entities";
			sourceTree = "<group>";
		};
		89A0668D2B189C190035D0F5 /* Presenter */ = {
			isa = PBXGroup;
			children = (
				89A066932B189C700035D0F5 /* DetailsPageViewControllerPresenter.swift */,
				89A066972B18A2470035D0F5 /* DetailsPageViewControllerInput.swift */,
			);
			path = Presenter;
			sourceTree = "<group>";
		};
		89A0668E2B189C1F0035D0F5 /* Controllers */ = {
			isa = PBXGroup;
			children = (
				89A066912B189C5D0035D0F5 /* DetailsPageViewController.swift */,
				89A066952B18A23A0035D0F5 /* DetailsPageViewControllerOutput.swift */,
			);
			path = Controllers;
			sourceTree = "<group>";
		};
		89A0668F2B189C250035D0F5 /* Views */ = {
			isa = PBXGroup;
			children = (
				89A0669B2B18C8AA0035D0F5 /* ChartView.swift */,
				89A0669D2B18CA190035D0F5 /* ChartButtonStackView.swift */,
				89A0669F2B18CCE40035D0F5 /* ChartButton.swift */,
				89E1B8872B1D3FE9005D9631 /* BuyButton.swift */,
				897A13502B31D9EA00B36E1D /* CircleMarker.swift */,
				897A13522B31EDA700B36E1D /* BubbleView.swift */,
				8966A0D52B4BE0030068C749 /* PriceStackView.swift */,
			);
			path = Views;
			sourceTree = "<group>";
		};
		89A066902B189C2A0035D0F5 /* Model */ = {
			isa = PBXGroup;
			children = (
				89E1B8892B1EDC46005D9631 /* StockGraphData.swift */,
			);
			path = Model;
			sourceTree = "<group>";
		};
		89B6F5AA2ACC5FDE00282BF7 /* Fonts */ = {
			isa = PBXGroup;
			children = (
				89B6F5AD2ACC649800282BF7 /* static */,
			);
			path = Fonts;
			sourceTree = "<group>";
		};
		89BAF4BD2AF287CE00622315 /* Extensions */ = {
			isa = PBXGroup;
			children = (
				89BAF4BE2AF287E600622315 /* UIApplication.State.swift */,
				89BAF4C02AF2880500622315 /* Array.swift */,
				89BAF4C22AF2882100622315 /* UIStackView.swift */,
				891723A92AFBAE0A009E1464 /* UIColor.swift */,
			);
			path = Extensions;
			sourceTree = "<group>";
		};
		89E1B88B2B205505005D9631 /* NetworkingServices */ = {
			isa = PBXGroup;
			children = (
				8902CC1A2A79314300EFFE5F /* GCDNetworkingService.swift */,
				89B055612B41B07A00E9A75F /* AsyncNetworkingService.swift */,
				89B055632B42B14D00E9A75F /* OperationNetworkingService.swift */,
				89B0555F2B4138CA00E9A75F /* NetworkingServiceProtocol.swift */,
			);
			path = NetworkingServices;
			sourceTree = "<group>";
		};
		AC470A73CF40CD2AF6E1D14A /* Frameworks */ = {
			isa = PBXGroup;
			children = (
				446F44D1CC84957CEB1FAC01 /* Pods_StocksApp.framework */,
			);
			name = Frameworks;
			sourceTree = "<group>";
		};
/* End PBXGroup section */

/* Begin PBXNativeTarget section */
		8902CBF72A78FB4C00EFFE5F /* StocksApp */ = {
			isa = PBXNativeTarget;
			buildConfigurationList = 8902CC0C2A78FB4D00EFFE5F /* Build configuration list for PBXNativeTarget "StocksApp" */;
			buildPhases = (
				428C21AF78B3F75CBD15389A /* [CP] Check Pods Manifest.lock */,
				8902CBF42A78FB4C00EFFE5F /* Sources */,
				8902CBF52A78FB4C00EFFE5F /* Frameworks */,
				8902CBF62A78FB4C00EFFE5F /* Resources */,
				0B11106681A6E187D0B1BD28 /* [CP] Embed Pods Frameworks */,
			);
			buildRules = (
			);
			dependencies = (
			);
			name = StocksApp;
			productName = StocksApp;
			productReference = 8902CBF82A78FB4C00EFFE5F /* StocksApp.app */;
			productType = "com.apple.product-type.application";
		};
/* End PBXNativeTarget section */

/* Begin PBXProject section */
		8902CBF02A78FB4C00EFFE5F /* Project object */ = {
			isa = PBXProject;
			attributes = {
				BuildIndependentTargetsInParallel = 1;
				LastSwiftUpdateCheck = 1340;
				LastUpgradeCheck = 1500;
				TargetAttributes = {
					8902CBF72A78FB4C00EFFE5F = {
						CreatedOnToolsVersion = 13.4.1;
					};
				};
			};
			buildConfigurationList = 8902CBF32A78FB4C00EFFE5F /* Build configuration list for PBXProject "StocksApp" */;
			compatibilityVersion = "Xcode 13.0";
			developmentRegion = en;
			hasScannedForEncodings = 0;
			knownRegions = (
				en,
				Base,
			);
			mainGroup = 8902CBEF2A78FB4C00EFFE5F;
			productRefGroup = 8902CBF92A78FB4C00EFFE5F /* Products */;
			projectDirPath = "";
			projectRoot = "";
			targets = (
				8902CBF72A78FB4C00EFFE5F /* StocksApp */,
			);
		};
/* End PBXProject section */

/* Begin PBXResourcesBuildPhase section */
		8902CBF62A78FB4C00EFFE5F /* Resources */ = {
			isa = PBXResourcesBuildPhase;
			buildActionMask = 2147483647;
			files = (
				892947062B14980000A1136D /* stockModels.json in Resources */,
				89B6F5AE2ACC649800282BF7 /* static in Resources */,
				8902CC052A78FB4D00EFFE5F /* Assets.xcassets in Resources */,
			);
			runOnlyForDeploymentPostprocessing = 0;
		};
/* End PBXResourcesBuildPhase section */

/* Begin PBXShellScriptBuildPhase section */
		0B11106681A6E187D0B1BD28 /* [CP] Embed Pods Frameworks */ = {
			isa = PBXShellScriptBuildPhase;
			buildActionMask = 2147483647;
			files = (
			);
			inputFileListPaths = (
				"${PODS_ROOT}/Target Support Files/Pods-StocksApp/Pods-StocksApp-frameworks-${CONFIGURATION}-input-files.xcfilelist",
			);
			name = "[CP] Embed Pods Frameworks";
			outputFileListPaths = (
				"${PODS_ROOT}/Target Support Files/Pods-StocksApp/Pods-StocksApp-frameworks-${CONFIGURATION}-output-files.xcfilelist",
			);
			runOnlyForDeploymentPostprocessing = 0;
			shellPath = /bin/sh;
			shellScript = "\"${PODS_ROOT}/Target Support Files/Pods-StocksApp/Pods-StocksApp-frameworks.sh\"\n";
			showEnvVarsInLog = 0;
		};
		428C21AF78B3F75CBD15389A /* [CP] Check Pods Manifest.lock */ = {
			isa = PBXShellScriptBuildPhase;
			buildActionMask = 2147483647;
			files = (
			);
			inputFileListPaths = (
			);
			inputPaths = (
				"${PODS_PODFILE_DIR_PATH}/Podfile.lock",
				"${PODS_ROOT}/Manifest.lock",
			);
			name = "[CP] Check Pods Manifest.lock";
			outputFileListPaths = (
			);
			outputPaths = (
				"$(DERIVED_FILE_DIR)/Pods-StocksApp-checkManifestLockResult.txt",
			);
			runOnlyForDeploymentPostprocessing = 0;
			shellPath = /bin/sh;
			shellScript = "diff \"${PODS_PODFILE_DIR_PATH}/Podfile.lock\" \"${PODS_ROOT}/Manifest.lock\" > /dev/null\nif [ $? != 0 ] ; then\n    # print error to STDERR\n    echo \"error: The sandbox is not in sync with the Podfile.lock. Run 'pod install' or update your CocoaPods installation.\" >&2\n    exit 1\nfi\n# This output is used by Xcode 'outputs' to avoid re-running this script phase.\necho \"SUCCESS\" > \"${SCRIPT_OUTPUT_FILE_0}\"\n";
			showEnvVarsInLog = 0;
		};
/* End PBXShellScriptBuildPhase section */

/* Begin PBXSourcesBuildPhase section */
		8902CBF42A78FB4C00EFFE5F /* Sources */ = {
			isa = PBXSourcesBuildPhase;
			buildActionMask = 2147483647;
			files = (
				8902CC152A78FEFA00EFFE5F /* StocksTableViewCell.swift in Sources */,
				89BAF4C12AF2880500622315 /* Array.swift in Sources */,
				891723AC2AFCD03B009E1464 /* ShowMoreView.swift in Sources */,
				89B055602B4138CA00E9A75F /* NetworkingServiceProtocol.swift in Sources */,
				891723B72AFCD968009E1464 /* StocksViewControllerInput.swift in Sources */,
				8902CC172A78FF5400EFFE5F /* StockData.swift in Sources */,
				899816882A8D105B00AC822D /* FavoriteStock+CoreDataClass.swift in Sources */,
				89876D972A7E266C007DD43D /* StockDataManager.swift in Sources */,
				8902CC112A78FE1300EFFE5F /* StocksTableView.swift in Sources */,
				89A066982B18A2470035D0F5 /* DetailsPageViewControllerInput.swift in Sources */,
				891723AA2AFBAE0A009E1464 /* UIColor.swift in Sources */,
				891723B52AFCD95D009E1464 /* StocksViewControllerOutput.swift in Sources */,
				89A066A02B18CCE40035D0F5 /* ChartButton.swift in Sources */,
				8998168B2A8D10A700AC822D /* CoreDataDatabaseManager.swift in Sources */,
				89326B4B2ABC3ADE00E610E8 /* RecentRequest+CoreDataProperties.swift in Sources */,
				897A13532B31EDA700B36E1D /* BubbleView.swift in Sources */,
				8902CC002A78FB4C00EFFE5F /* StocksViewController.swift in Sources */,
				891723B22AFCD4E1009E1464 /* StocksViewControllerPresenter.swift in Sources */,
				899816892A8D105B00AC822D /* FavoriteStock+CoreDataProperties.swift in Sources */,
				891723B92AFCFEA4009E1464 /* RequestsView.swift in Sources */,
				890388422AB31F2600E9A814 /* RequestView.swift in Sources */,
				8902CBFC2A78FB4C00EFFE5F /* AppDelegate.swift in Sources */,
				899816852A8D0FE000AC822D /* DataModel.xcdatamodeld in Sources */,
				89A066922B189C5D0035D0F5 /* DetailsPageViewController.swift in Sources */,
				89E1B88A2B1EDC46005D9631 /* StockGraphData.swift in Sources */,
				892332282AB1D896005299B3 /* RequestButton.swift in Sources */,
				89A0669C2B18C8AA0035D0F5 /* ChartView.swift in Sources */,
				89A066942B189C700035D0F5 /* DetailsPageViewControllerPresenter.swift in Sources */,
				8902CC1B2A79314300EFFE5F /* GCDNetworkingService.swift in Sources */,
				89BAF4C32AF2882100622315 /* UIStackView.swift in Sources */,
				8966A0D62B4BE0030068C749 /* PriceStackView.swift in Sources */,
				89326B4A2ABC3ADE00E610E8 /* RecentRequest+CoreDataClass.swift in Sources */,
				897A13512B31D9EA00B36E1D /* CircleMarker.swift in Sources */,
				89E1B8882B1D3FE9005D9631 /* BuyButton.swift in Sources */,
				89A0669E2B18CA190035D0F5 /* ChartButtonStackView.swift in Sources */,
				89B055642B42B14D00E9A75F /* OperationNetworkingService.swift in Sources */,
				89BAF4BF2AF287E600622315 /* UIApplication.State.swift in Sources */,
				89FB19172ACF370A0020E605 /* ButtonsStackView.swift in Sources */,
				89950F3D2AC6A3FA00CCA2EE /* SearchBarView.swift in Sources */,
				89B055622B41B07A00E9A75F /* AsyncNetworkingService.swift in Sources */,
				89A066962B18A23A0035D0F5 /* DetailsPageViewControllerOutput.swift in Sources */,
			);
			runOnlyForDeploymentPostprocessing = 0;
		};
/* End PBXSourcesBuildPhase section */

/* Begin XCBuildConfiguration section */
		8902CC0A2A78FB4D00EFFE5F /* Debug */ = {
			isa = XCBuildConfiguration;
			buildSettings = {
				ALWAYS_SEARCH_USER_PATHS = NO;
				CLANG_ANALYZER_NONNULL = YES;
				CLANG_ANALYZER_NUMBER_OBJECT_CONVERSION = YES_AGGRESSIVE;
				CLANG_CXX_LANGUAGE_STANDARD = "gnu++17";
				CLANG_ENABLE_MODULES = YES;
				CLANG_ENABLE_OBJC_ARC = YES;
				CLANG_ENABLE_OBJC_WEAK = YES;
				CLANG_WARN_BLOCK_CAPTURE_AUTORELEASING = YES;
				CLANG_WARN_BOOL_CONVERSION = YES;
				CLANG_WARN_COMMA = YES;
				CLANG_WARN_CONSTANT_CONVERSION = YES;
				CLANG_WARN_DEPRECATED_OBJC_IMPLEMENTATIONS = YES;
				CLANG_WARN_DIRECT_OBJC_ISA_USAGE = YES_ERROR;
				CLANG_WARN_DOCUMENTATION_COMMENTS = YES;
				CLANG_WARN_EMPTY_BODY = YES;
				CLANG_WARN_ENUM_CONVERSION = YES;
				CLANG_WARN_INFINITE_RECURSION = YES;
				CLANG_WARN_INT_CONVERSION = YES;
				CLANG_WARN_NON_LITERAL_NULL_CONVERSION = YES;
				CLANG_WARN_OBJC_IMPLICIT_RETAIN_SELF = YES;
				CLANG_WARN_OBJC_LITERAL_CONVERSION = YES;
				CLANG_WARN_OBJC_ROOT_CLASS = YES_ERROR;
				CLANG_WARN_QUOTED_INCLUDE_IN_FRAMEWORK_HEADER = YES;
				CLANG_WARN_RANGE_LOOP_ANALYSIS = YES;
				CLANG_WARN_STRICT_PROTOTYPES = YES;
				CLANG_WARN_SUSPICIOUS_MOVE = YES;
				CLANG_WARN_UNGUARDED_AVAILABILITY = YES_AGGRESSIVE;
				CLANG_WARN_UNREACHABLE_CODE = YES;
				CLANG_WARN__DUPLICATE_METHOD_MATCH = YES;
				COPY_PHASE_STRIP = NO;
				DEBUG_INFORMATION_FORMAT = dwarf;
				ENABLE_STRICT_OBJC_MSGSEND = YES;
				ENABLE_TESTABILITY = YES;
				ENABLE_USER_SCRIPT_SANDBOXING = NO;
				GCC_C_LANGUAGE_STANDARD = gnu11;
				GCC_DYNAMIC_NO_PIC = NO;
				GCC_NO_COMMON_BLOCKS = YES;
				GCC_OPTIMIZATION_LEVEL = 0;
				GCC_PREPROCESSOR_DEFINITIONS = (
					"DEBUG=1",
					"$(inherited)",
				);
				GCC_WARN_64_TO_32_BIT_CONVERSION = YES;
				GCC_WARN_ABOUT_RETURN_TYPE = YES_ERROR;
				GCC_WARN_UNDECLARED_SELECTOR = YES;
				GCC_WARN_UNINITIALIZED_AUTOS = YES_AGGRESSIVE;
				GCC_WARN_UNUSED_FUNCTION = YES;
				GCC_WARN_UNUSED_VARIABLE = YES;
				IPHONEOS_DEPLOYMENT_TARGET = 14.0;
				MTL_ENABLE_DEBUG_INFO = INCLUDE_SOURCE;
				MTL_FAST_MATH = YES;
				ONLY_ACTIVE_ARCH = YES;
				SDKROOT = iphoneos;
				SWIFT_ACTIVE_COMPILATION_CONDITIONS = DEBUG;
				SWIFT_OPTIMIZATION_LEVEL = "-Onone";
			};
			name = Debug;
		};
		8902CC0B2A78FB4D00EFFE5F /* Release */ = {
			isa = XCBuildConfiguration;
			buildSettings = {
				ALWAYS_SEARCH_USER_PATHS = NO;
				CLANG_ANALYZER_NONNULL = YES;
				CLANG_ANALYZER_NUMBER_OBJECT_CONVERSION = YES_AGGRESSIVE;
				CLANG_CXX_LANGUAGE_STANDARD = "gnu++17";
				CLANG_ENABLE_MODULES = YES;
				CLANG_ENABLE_OBJC_ARC = YES;
				CLANG_ENABLE_OBJC_WEAK = YES;
				CLANG_WARN_BLOCK_CAPTURE_AUTORELEASING = YES;
				CLANG_WARN_BOOL_CONVERSION = YES;
				CLANG_WARN_COMMA = YES;
				CLANG_WARN_CONSTANT_CONVERSION = YES;
				CLANG_WARN_DEPRECATED_OBJC_IMPLEMENTATIONS = YES;
				CLANG_WARN_DIRECT_OBJC_ISA_USAGE = YES_ERROR;
				CLANG_WARN_DOCUMENTATION_COMMENTS = YES;
				CLANG_WARN_EMPTY_BODY = YES;
				CLANG_WARN_ENUM_CONVERSION = YES;
				CLANG_WARN_INFINITE_RECURSION = YES;
				CLANG_WARN_INT_CONVERSION = YES;
				CLANG_WARN_NON_LITERAL_NULL_CONVERSION = YES;
				CLANG_WARN_OBJC_IMPLICIT_RETAIN_SELF = YES;
				CLANG_WARN_OBJC_LITERAL_CONVERSION = YES;
				CLANG_WARN_OBJC_ROOT_CLASS = YES_ERROR;
				CLANG_WARN_QUOTED_INCLUDE_IN_FRAMEWORK_HEADER = YES;
				CLANG_WARN_RANGE_LOOP_ANALYSIS = YES;
				CLANG_WARN_STRICT_PROTOTYPES = YES;
				CLANG_WARN_SUSPICIOUS_MOVE = YES;
				CLANG_WARN_UNGUARDED_AVAILABILITY = YES_AGGRESSIVE;
				CLANG_WARN_UNREACHABLE_CODE = YES;
				CLANG_WARN__DUPLICATE_METHOD_MATCH = YES;
				COPY_PHASE_STRIP = NO;
				DEBUG_INFORMATION_FORMAT = "dwarf-with-dsym";
				ENABLE_NS_ASSERTIONS = NO;
				ENABLE_STRICT_OBJC_MSGSEND = YES;
				ENABLE_USER_SCRIPT_SANDBOXING = NO;
				GCC_C_LANGUAGE_STANDARD = gnu11;
				GCC_NO_COMMON_BLOCKS = YES;
				GCC_WARN_64_TO_32_BIT_CONVERSION = YES;
				GCC_WARN_ABOUT_RETURN_TYPE = YES_ERROR;
				GCC_WARN_UNDECLARED_SELECTOR = YES;
				GCC_WARN_UNINITIALIZED_AUTOS = YES_AGGRESSIVE;
				GCC_WARN_UNUSED_FUNCTION = YES;
				GCC_WARN_UNUSED_VARIABLE = YES;
				IPHONEOS_DEPLOYMENT_TARGET = 14.0;
				MTL_ENABLE_DEBUG_INFO = NO;
				MTL_FAST_MATH = YES;
				SDKROOT = iphoneos;
				SWIFT_COMPILATION_MODE = wholemodule;
				SWIFT_OPTIMIZATION_LEVEL = "-O";
				VALIDATE_PRODUCT = YES;
			};
			name = Release;
		};
		8902CC0D2A78FB4D00EFFE5F /* Debug */ = {
			isa = XCBuildConfiguration;
			baseConfigurationReference = BBF5390DFF96797470E0E34A /* Pods-StocksApp.debug.xcconfig */;
			buildSettings = {
				ASSETCATALOG_COMPILER_APPICON_NAME = AppIcon;
				ASSETCATALOG_COMPILER_GLOBAL_ACCENT_COLOR_NAME = AccentColor;
				CODE_SIGN_STYLE = Automatic;
				CURRENT_PROJECT_VERSION = 1;
				DEVELOPMENT_TEAM = KX9G54G5JC;
				GENERATE_INFOPLIST_FILE = YES;
				INFOPLIST_FILE = StocksApp/Info.plist;
				INFOPLIST_KEY_UIApplicationSupportsIndirectInputEvents = YES;
				INFOPLIST_KEY_UILaunchStoryboardName = LaunchScreen;
				INFOPLIST_KEY_UISupportedInterfaceOrientations_iPad = "UIInterfaceOrientationPortrait UIInterfaceOrientationPortraitUpsideDown UIInterfaceOrientationLandscapeLeft UIInterfaceOrientationLandscapeRight";
				INFOPLIST_KEY_UISupportedInterfaceOrientations_iPhone = "UIInterfaceOrientationPortrait UIInterfaceOrientationLandscapeLeft UIInterfaceOrientationLandscapeRight";
				IPHONEOS_DEPLOYMENT_TARGET = 13.0;
				LD_RUNPATH_SEARCH_PATHS = (
					"$(inherited)",
					"@executable_path/Frameworks",
				);
				MARKETING_VERSION = 1.0;
				PRODUCT_BUNDLE_IDENTIFIER = com.batrinho.StocksApp;
				PRODUCT_NAME = "$(TARGET_NAME)";
				SWIFT_EMIT_LOC_STRINGS = YES;
				SWIFT_VERSION = 5.0;
				TARGETED_DEVICE_FAMILY = "1,2";
			};
			name = Debug;
		};
		8902CC0E2A78FB4D00EFFE5F /* Release */ = {
			isa = XCBuildConfiguration;
			baseConfigurationReference = 813184DD13B044CAA68C09CA /* Pods-StocksApp.release.xcconfig */;
			buildSettings = {
				ASSETCATALOG_COMPILER_APPICON_NAME = AppIcon;
				ASSETCATALOG_COMPILER_GLOBAL_ACCENT_COLOR_NAME = AccentColor;
				CODE_SIGN_STYLE = Automatic;
				CURRENT_PROJECT_VERSION = 1;
				DEVELOPMENT_TEAM = KX9G54G5JC;
				GENERATE_INFOPLIST_FILE = YES;
				INFOPLIST_FILE = StocksApp/Info.plist;
				INFOPLIST_KEY_UIApplicationSupportsIndirectInputEvents = YES;
				INFOPLIST_KEY_UILaunchStoryboardName = LaunchScreen;
				INFOPLIST_KEY_UISupportedInterfaceOrientations_iPad = "UIInterfaceOrientationPortrait UIInterfaceOrientationPortraitUpsideDown UIInterfaceOrientationLandscapeLeft UIInterfaceOrientationLandscapeRight";
				INFOPLIST_KEY_UISupportedInterfaceOrientations_iPhone = "UIInterfaceOrientationPortrait UIInterfaceOrientationLandscapeLeft UIInterfaceOrientationLandscapeRight";
				IPHONEOS_DEPLOYMENT_TARGET = 13.0;
				LD_RUNPATH_SEARCH_PATHS = (
					"$(inherited)",
					"@executable_path/Frameworks",
				);
				MARKETING_VERSION = 1.0;
				PRODUCT_BUNDLE_IDENTIFIER = com.batrinho.StocksApp;
				PRODUCT_NAME = "$(TARGET_NAME)";
				SWIFT_EMIT_LOC_STRINGS = YES;
				SWIFT_VERSION = 5.0;
				TARGETED_DEVICE_FAMILY = "1,2";
			};
			name = Release;
		};
/* End XCBuildConfiguration section */

/* Begin XCConfigurationList section */
		8902CBF32A78FB4C00EFFE5F /* Build configuration list for PBXProject "StocksApp" */ = {
			isa = XCConfigurationList;
			buildConfigurations = (
				8902CC0A2A78FB4D00EFFE5F /* Debug */,
				8902CC0B2A78FB4D00EFFE5F /* Release */,
			);
			defaultConfigurationIsVisible = 0;
			defaultConfigurationName = Release;
		};
		8902CC0C2A78FB4D00EFFE5F /* Build configuration list for PBXNativeTarget "StocksApp" */ = {
			isa = XCConfigurationList;
			buildConfigurations = (
				8902CC0D2A78FB4D00EFFE5F /* Debug */,
				8902CC0E2A78FB4D00EFFE5F /* Release */,
			);
			defaultConfigurationIsVisible = 0;
			defaultConfigurationName = Release;
		};
/* End XCConfigurationList section */

/* Begin XCVersionGroup section */
		899816832A8D0FE000AC822D /* DataModel.xcdatamodeld */ = {
			isa = XCVersionGroup;
			children = (
				899816842A8D0FE000AC822D /* DataModel.xcdatamodel */,
			);
			currentVersion = 899816842A8D0FE000AC822D /* DataModel.xcdatamodel */;
			path = DataModel.xcdatamodeld;
			sourceTree = "<group>";
			versionGroupType = wrapper.xcdatamodel;
		};
/* End XCVersionGroup section */
	};
	rootObject = 8902CBF02A78FB4C00EFFE5F /* Project object */;
}
